{
    "_readme": [
        "This file locks the dependencies of your project to a known state",
        "Read more about it at https://getcomposer.org/doc/01-basic-usage.md#installing-dependencies",
        "This file is @generated automatically"
    ],
    "content-hash": "6fa05732661ffe3f6ca3196b4e26f324",
    "packages": [
        {
            "name": "coyl/git",
            "version": "0.1.7",
            "source": {
                "type": "git",
                "url": "https://github.com/coyl/git.git",
                "reference": "bc9893d096fab1bdd0fac8ee2f30b8b1dcbf8d63"
            },
            "dist": {
                "type": "zip",
                "url": "https://api.github.com/repos/coyl/git/zipball/bc9893d096fab1bdd0fac8ee2f30b8b1dcbf8d63",
                "reference": "bc9893d096fab1bdd0fac8ee2f30b8b1dcbf8d63",
                "shasum": ""
            },
            "require": {
                "php": ">=5.4"
            },
            "require-dev": {
                "phpunit/phpunit": "~3.7.0"
            },
            "type": "library",
            "autoload": {
                "psr-4": {
                    "": "src/"
                }
            },
            "notification-url": "https://packagist.org/downloads/",
            "authors": [
                {
                    "name": "Vasil coylOne Kulakov",
                    "email": "iam@vasiliy.pro",
                    "homepage": "http://github.com/coyl"
                }
            ],
            "description": "PHP library for manipulations on git repository. Based on kbjr/Git.php and it's forks",
            "homepage": "https://github.com/coyl/Git.php",
            "keywords": [
                "git",
                "git-client",
                "php-git"
            ],
            "time": "2017-09-12T08:37:07+00:00"
        },
        {
            "name": "phpfastcache/phpfastcache",
            "version": "7.1.0",
            "source": {
                "type": "git",
                "url": "https://github.com/PHPSocialNetwork/phpfastcache.git",
                "reference": "11c7b17a824925c2b99dce10df15ba67cbef132a"
            },
            "dist": {
                "type": "zip",
                "url": "https://api.github.com/repos/PHPSocialNetwork/phpfastcache/zipball/11c7b17a824925c2b99dce10df15ba67cbef132a",
                "reference": "11c7b17a824925c2b99dce10df15ba67cbef132a",
                "shasum": ""
            },
            "require": {
                "ext-json": "*",
                "ext-mbstring": "*",
                "php": ">=7.0",
                "psr/cache": "~1.0.0",
                "psr/simple-cache": "~1.0.0"
            },
            "conflict": {
                "basho/riak": "*",
                "doctrine/couchdb": "*"
            },
            "suggest": {
                "ext-apc": "*",
                "ext-couchbase": "*",
                "ext-intl": "*",
                "ext-leveldb": "*",
                "ext-memcache": "*",
                "ext-memcached": "*",
                "ext-redis": "*",
                "ext-sqlite": "*",
                "ext-wincache": "*",
                "ext-xcache": "*",
                "mongodb/mongodb": "^1.1",
                "phpfastcache/couchdb": "~1.0.0",
                "phpfastcache/phpssdb": "~1.0.0",
                "phpfastcache/riak-client": "~1.4.4",
                "predis/predis": "~1.1.0"
            },
            "type": "library",
            "autoload": {
                "psr-4": {
                    "Phpfastcache\\": "lib/Phpfastcache/"
                }
            },
            "notification-url": "https://packagist.org/downloads/",
            "license": [
                "MIT"
            ],
            "authors": [
                {
                    "name": "Georges.L",
                    "email": "contact@geolim4.com",
                    "homepage": "https://github.com/Geolim4",
                    "role": "Actual Project Manager/Developer"
                },
                {
                    "name": "Khoa Bui",
                    "email": "khoaofgod@gmail.com",
                    "homepage": "https://www.phpfastcache.com",
                    "role": "Former Project Developer/Original Creator"
                }
            ],
            "description": "PHP Abstract Cache Class - Reduce your database call using cache system. PhpFastCache handles a lot of drivers such as Apc(u), Cassandra, CouchBase, Couchdb, Mongodb, Files, (P)redis, Leveldb, Memcache(d), Ssdb, Sqlite, Wincache, Xcache, Zend Data Cache.",
            "homepage": "https://www.phpfastcache.com",
            "keywords": [
                "LevelDb",
                "abstract",
                "apc",
                "apcu",
                "cache",
                "cache class",
                "caching",
                "cassandra",
                "cookie",
                "couchbase",
                "couchdb",
                "files cache",
                "memcache",
                "memcached",
                "mongodb",
                "mysql cache",
                "pdo cache",
                "php cache",
                "predis",
                "redis",
                "ssdb",
                "wincache",
                "xcache",
                "zend",
                "zend data cache",
                "zend disk cache",
                "zend memory cache",
                "zend server"
            ],
            "time": "2019-09-15T15:11:18+00:00"
        },
        {
            "name": "psr/cache",
            "version": "1.0.1",
            "source": {
                "type": "git",
                "url": "https://github.com/php-fig/cache.git",
                "reference": "d11b50ad223250cf17b86e38383413f5a6764bf8"
            },
            "dist": {
                "type": "zip",
                "url": "https://api.github.com/repos/php-fig/cache/zipball/d11b50ad223250cf17b86e38383413f5a6764bf8",
                "reference": "d11b50ad223250cf17b86e38383413f5a6764bf8",
                "shasum": ""
            },
            "require": {
                "php": ">=5.3.0"
            },
            "type": "library",
            "extra": {
                "branch-alias": {
                    "dev-master": "1.0.x-dev"
                }
            },
            "autoload": {
                "psr-4": {
                    "Psr\\Cache\\": "src/"
                }
            },
            "notification-url": "https://packagist.org/downloads/",
            "license": [
                "MIT"
            ],
            "authors": [
                {
                    "name": "PHP-FIG",
                    "homepage": "http://www.php-fig.org/"
                }
            ],
            "description": "Common interface for caching libraries",
            "keywords": [
                "cache",
                "psr",
                "psr-6"
            ],
            "time": "2016-08-06T20:24:11+00:00"
        },
        {
            "name": "psr/simple-cache",
            "version": "1.0.1",
            "source": {
                "type": "git",
                "url": "https://github.com/php-fig/simple-cache.git",
                "reference": "408d5eafb83c57f6365a3ca330ff23aa4a5fa39b"
            },
            "dist": {
                "type": "zip",
                "url": "https://api.github.com/repos/php-fig/simple-cache/zipball/408d5eafb83c57f6365a3ca330ff23aa4a5fa39b",
                "reference": "408d5eafb83c57f6365a3ca330ff23aa4a5fa39b",
                "shasum": ""
            },
            "require": {
                "php": ">=5.3.0"
            },
            "type": "library",
            "extra": {
                "branch-alias": {
                    "dev-master": "1.0.x-dev"
                }
            },
            "autoload": {
                "psr-4": {
                    "Psr\\SimpleCache\\": "src/"
                }
            },
            "notification-url": "https://packagist.org/downloads/",
            "license": [
                "MIT"
            ],
            "authors": [
                {
                    "name": "PHP-FIG",
                    "homepage": "http://www.php-fig.org/"
                }
            ],
            "description": "Common interfaces for simple caching",
            "keywords": [
                "cache",
                "caching",
                "psr",
                "psr-16",
                "simple-cache"
            ],
            "time": "2017-10-23T01:57:42+00:00"
        },
        {
            "name": "symfony/polyfill-ctype",
            "version": "v1.13.1",
            "source": {
                "type": "git",
                "url": "https://github.com/symfony/polyfill-ctype.git",
                "reference": "f8f0b461be3385e56d6de3dbb5a0df24c0c275e3"
            },
            "dist": {
                "type": "zip",
                "url": "https://api.github.com/repos/symfony/polyfill-ctype/zipball/f8f0b461be3385e56d6de3dbb5a0df24c0c275e3",
                "reference": "f8f0b461be3385e56d6de3dbb5a0df24c0c275e3",
                "shasum": ""
            },
            "require": {
                "php": ">=5.3.3"
            },
            "suggest": {
                "ext-ctype": "For best performance"
            },
            "type": "library",
            "extra": {
                "branch-alias": {
                    "dev-master": "1.13-dev"
                }
            },
            "autoload": {
                "psr-4": {
                    "Symfony\\Polyfill\\Ctype\\": ""
                },
                "files": [
                    "bootstrap.php"
                ]
            },
            "notification-url": "https://packagist.org/downloads/",
            "license": [
                "MIT"
            ],
            "authors": [
                {
                    "name": "Gert de Pagter",
                    "email": "BackEndTea@gmail.com"
                },
                {
                    "name": "Symfony Community",
                    "homepage": "https://symfony.com/contributors"
                }
            ],
            "description": "Symfony polyfill for ctype functions",
            "homepage": "https://symfony.com",
            "keywords": [
                "compatibility",
                "ctype",
                "polyfill",
                "portable"
            ],
            "time": "2019-11-27T13:56:44+00:00"
        },
        {
            "name": "twig/twig",
            "version": "v1.42.5",
            "source": {
                "type": "git",
                "url": "https://github.com/twigphp/Twig.git",
                "reference": "87b2ea9d8f6fd014d0621ca089bb1b3769ea3f8e"
            },
            "dist": {
                "type": "zip",
                "url": "https://api.github.com/repos/twigphp/Twig/zipball/87b2ea9d8f6fd014d0621ca089bb1b3769ea3f8e",
                "reference": "87b2ea9d8f6fd014d0621ca089bb1b3769ea3f8e",
                "shasum": ""
            },
            "require": {
                "php": ">=5.5.0",
                "symfony/polyfill-ctype": "^1.8"
            },
            "require-dev": {
                "psr/container": "^1.0",
                "symfony/phpunit-bridge": "^4.4|^5.0"
            },
            "type": "library",
            "extra": {
                "branch-alias": {
                    "dev-master": "1.42-dev"
                }
            },
            "autoload": {
                "psr-0": {
                    "Twig_": "lib/"
                },
                "psr-4": {
                    "Twig\\": "src/"
                }
            },
            "notification-url": "https://packagist.org/downloads/",
            "license": [
                "BSD-3-Clause"
            ],
            "authors": [
                {
                    "name": "Fabien Potencier",
                    "email": "fabien@symfony.com",
                    "homepage": "http://fabien.potencier.org",
                    "role": "Lead Developer"
                },
                {
                    "name": "Twig Team",
                    "role": "Contributors"
                },
                {
                    "name": "Armin Ronacher",
                    "email": "armin.ronacher@active-4.com",
                    "role": "Project Founder"
                }
            ],
            "description": "Twig, the flexible, fast, and secure template language for PHP",
            "homepage": "https://twig.symfony.com",
            "keywords": [
                "templating"
            ],
            "time": "2020-02-11T05:59:23+00:00"
        }
    ],
    "packages-dev": [],
    "aliases": [],
    "minimum-stability": "stable",
    "stability-flags": [],
    "prefer-stable": false,
    "prefer-lowest": false,
    "platform": [],
    "platform-dev": []
}
